{
  "nodes": {
    "crane": {
      "locked": {
        "lastModified": 1772560058,
        "narHash": "sha256-NuVKdMBJldwUXgghYpzIWJdfeB7ccsu1CC7B+NfSoZ8=",
        "owner": "ipetkov",
        "repo": "crane",
        "rev": "db590d9286ed5ce22017541e36132eab4e8b3045",
        "type": "github"
      },
      "original": {
        "owner": "ipetkov",
        "repo": "crane",
        "type": "github"
      }
    },
    "dms": {
      "inputs": {
        "nixpkgs": [
          "nixpkgs"
        ],
        "quickshell": "quickshell"
      },
      "locked": {
        "lastModified": 1774051185,
        "narHash": "sha256-rfWvWbPVrpujmBp/q9My/70fWgRLaELdrnZB3CZKlWg=",
        "owner": "AvengeMedia",
        "repo": "DankMaterialShell",
        "rev": "1f64bb80311e0169e75a6a507fc07d909117c90c",
        "type": "github"
      },
      "original": {
        "owner": "AvengeMedia",
        "ref": "stable",
        "repo": "DankMaterialShell",
        "type": "github"
      }
    },
    "flake-parts": {
      "inputs": {
        "nixpkgs-lib": "nixpkgs-lib"
      },
      "locked": {
        "lastModified": 1772408722,
        "narHash": "sha256-rHuJtdcOjK7rAHpHphUb1iCvgkU3GpfvicLMwwnfMT0=",
        "owner": "hercules-ci",
        "repo": "flake-parts",
        "rev": "f20dc5d9b8027381c474144ecabc9034d6a839a3",
        "type": "github"
      },
      "original": {
        "owner": "hercules-ci",
        "repo": "flake-parts",
        "type": "github"
      }
    },
    "flake-parts_2": {
      "inputs": {
        "nixpkgs-lib": "nixpkgs-lib_2"
      },
      "locked": {
        "lastModified": 1769996383,
        "narHash": "sha256-AnYjnFWgS49RlqX7LrC4uA+sCCDBj0Ry/WOJ5XWAsa0=",
        "rev": "57928607ea566b5db3ad13af0e57e921e6b12381",
        "revCount": 442,
        "type": "tarball",
        "url": "https://api.flakehub.com/f/pinned/hercules-ci/flake-parts/0.1.442%2Brev-57928607ea566b5db3ad13af0e57e921e6b12381/019c1cea-7090-7d32-9a74-9794d2b26381/source.tar.gz"
      },
      "original": {
        "type": "tarball",
        "url": "https://flakehub.com/f/hercules-ci/flake-parts/0.1"
      }
    },
    "flake-utils": {
      "inputs": {
        "systems": "systems"
      },
      "locked": {
        "lastModified": 1731533236,
        "narHash": "sha256-l0KFg5HjrsfsO/JpG+r7fRrqm12kzFHyUHqHCVpMMbI=",
        "owner": "numtide",
        "repo": "flake-utils",
        "rev": "11707dc2f618dd54ca8739b309ec4fc024de578b",
        "type": "github"
      },
      "original": {
        "owner": "numtide",
        "repo": "flake-utils",
        "type": "github"
      }
    },
    "fonts": {
      "inputs": {
        "flake-utils": "flake-utils",
        "nixpkgs": [
          "nixpkgs"
        ]
      },
      "locked": {
        "lastModified": 1767527293,
        "narHash": "sha256-/xcQJk/u2IlDJ7zoKFsiBtSQFTAjRROTQFVN+FVrEEw=",
        "ref": "main",
        "rev": "729e66df8f3b41da4b73142fa8bd5107abc4cf42",
        "revCount": 5,
        "type": "git",
        "url": "ssh://git@github.com/snickerdoodle2/fonts"
      },
      "original": {
        "ref": "main",
        "type": "git",
        "url": "ssh://git@github.com/snickerdoodle2/fonts"
      }
    },
    "github-actions-nix": {
      "inputs": {
        "flake-parts": "flake-parts_2",
        "nixpkgs": "nixpkgs_2"
      },
      "locked": {
        "lastModified": 1772219490,
        "narHash": "sha256-QxSEr6ueAyKZkYDyuZqWVv1GqZbuSb0jdc05KiXKzQ4=",
        "owner": "synapdeck",
        "repo": "github-actions-nix",
        "rev": "f5e6e94e3b1f694d2afa357570d65e95518c642d",
        "type": "github"
      },
      "original": {
        "owner": "synapdeck",
        "repo": "github-actions-nix",
        "type": "github"
      }
    },
    "home-manager": {
      "inputs": {
        "nixpkgs": [
          "nixpkgs"
        ]
      },
      "locked": {
        "lastModified": 1774274588,
        "narHash": "sha256-dnHvv5EMUgTzGZmA+3diYjQU2O6BEpGLEOgJ1Qe9LaY=",
        "owner": "nix-community",
        "repo": "home-manager",
        "rev": "cf9686ba26f5ef788226843bc31fda4cf72e373b",
        "type": "github"
      },
      "original": {
        "owner": "nix-community",
        "ref": "release-25.11",
        "repo": "home-manager",
        "type": "github"
      }
    },
    "import-tree": {
      "locked": {
        "lastModified": 1772344373,
        "narHash": "sha256-OQQ1MhB9t1J71b2wxRRTdH/Qd8UGG0p+dGspfCf5U1c=",
        "owner": "vic",
        "repo": "import-tree",
        "rev": "10fda59eee7d7970ec443b925f32a1bc7526648c",
        "type": "github"
      },
      "original": {
        "owner": "vic",
        "repo": "import-tree",
        "type": "github"
      }
    },
    "nix-index-database": {
      "inputs": {
        "nixpkgs": [
          "nixpkgs-unstable"
        ]
      },
      "locked": {
        "lastModified": 1774156144,
        "narHash": "sha256-gdYe9wTPl4ignDyXUl1LlICWj41+S0GB5lG1fKP17+A=",
        "owner": "nix-community",
        "repo": "nix-index-database",
        "rev": "55b588747fa3d7fc351a11831c4b874dab992862",
        "type": "github"
      },
      "original": {
        "owner": "nix-community",
        "repo": "nix-index-database",
        "type": "github"
      }
    },
    "nixpkgs": {
      "locked": {
        "lastModified": 1775002709,
        "narHash": "sha256-d3Yx83vSrN+2z/loBh4mJpyRqr9aAJqlke4TkpFmRJA=",
        "owner": "nixos",
        "repo": "nixpkgs",
        "rev": "bcd464ccd2a1a7cd09aa2f8d4ffba83b761b1d0e",
        "type": "github"
      },
      "original": {
        "owner": "nixos",
        "ref": "nixos-25.11",
        "repo": "nixpkgs",
        "type": "github"
      }
    },
    "nixpkgs-lib": {
      "locked": {
        "lastModified": 1772328832,
        "narHash": "sha256-e+/T/pmEkLP6BHhYjx6GmwP5ivonQQn0bJdH9YrRB+Q=",
        "owner": "nix-community",
        "repo": "nixpkgs.lib",
        "rev": "c185c7a5e5dd8f9add5b2f8ebeff00888b070742",
        "type": "github"
      },
      "original": {
        "owner": "nix-community",
        "repo": "nixpkgs.lib",
        "type": "github"
      }
    },
    "nixpkgs-lib_2": {
      "locked": {
        "lastModified": 1769909678,
        "narHash": "sha256-cBEymOf4/o3FD5AZnzC3J9hLbiZ+QDT/KDuyHXVJOpM=",
        "owner": "nix-community",
        "repo": "nixpkgs.lib",
        "rev": "72716169fe93074c333e8d0173151350670b824c",
        "type": "github"
      },
      "original": {
        "owner": "nix-community",
        "repo": "nixpkgs.lib",
        "type": "github"
      }
    },
    "nixpkgs-unstable": {
      "locked": {
        "lastModified": 1775036866,
        "narHash": "sha256-ZojAnPuCdy657PbTq5V0Y+AHKhZAIwSIT2cb8UgAz/U=",
        "owner": "nixos",
        "repo": "nixpkgs",
        "rev": "6201e203d09599479a3b3450ed24fa81537ebc4e",
        "type": "github"
      },
      "original": {
        "owner": "nixos",
        "ref": "nixos-unstable",
        "repo": "nixpkgs",
        "type": "github"
      }
    },
    "nixpkgs_2": {
      "locked": {
        "lastModified": 1770197578,
        "narHash": "sha256-AYqlWrX09+HvGs8zM6ebZ1pwUqjkfpnv8mewYwAo+iM=",
        "rev": "00c21e4c93d963c50d4c0c89bfa84ed6e0694df2",
        "revCount": 940249,
        "type": "tarball",
        "url": "https://api.flakehub.com/f/pinned/NixOS/nixpkgs/0.1.940249%2Brev-00c21e4c93d963c50d4c0c89bfa84ed6e0694df2/019c2c37-21f9-727c-86c5-0523e601d163/source.tar.gz"
      },
      "original": {
        "type": "tarball",
        "url": "https://flakehub.com/f/NixOS/nixpkgs/0.1"
      }
    },
    "quickshell": {
      "inputs": {
        "nixpkgs": [
          "dms",
          "nixpkgs"
        ]
      },
      "locked": {
        "lastModified": 1766725085,
        "narHash": "sha256-O2aMFdDUYJazFrlwL7aSIHbUSEm3ADVZjmf41uBJfHs=",
        "ref": "refs/heads/master",
        "rev": "41828c4180fb921df7992a5405f5ff05d2ac2fff",
        "revCount": 715,
        "type": "git",
        "url": "https://git.outfoxxed.me/quickshell/quickshell"
      },
      "original": {
        "rev": "41828c4180fb921df7992a5405f5ff05d2ac2fff",
        "type": "git",
        "url": "https://git.outfoxxed.me/quickshell/quickshell"
      }
    },
    "root": {
      "inputs": {
        "dms": "dms",
        "fonts": "fonts",
        "home-manager": "home-manager",
        "nix-index-database": "nix-index-database",
        "nixpkgs": "nixpkgs",
        "nixpkgs-unstable": "nixpkgs-unstable",
        "tsm": "tsm"
      }
    },
    "rust-overlay": {
      "inputs": {
        "nixpkgs": [
          "tsm",
          "nixpkgs"
        ]
      },
      "locked": {
        "lastModified": 1772939270,
        "narHash": "sha256-HbxD5DJAKxzo0G8on5wdY+OZNiUWt3FTvGmXmVEmg7g=",
        "owner": "oxalica",
        "repo": "rust-overlay",
        "rev": "bb93f191a07c0165992ed6d0b4197ee5c7e6e641",
        "type": "github"
      },
      "original": {
        "owner": "oxalica",
        "repo": "rust-overlay",
        "type": "github"
      }
    },
    "systems": {
      "locked": {
        "lastModified": 1681028828,
        "narHash": "sha256-Vy1rq5AaRuLzOxct8nz4T6wlgyUR7zLU309k9mBC768=",
        "owner": "nix-systems",
        "repo": "default",
        "rev": "da67096a3b9bf56a91d16901293e51ba5b49a27e",
        "type": "github"
      },
      "original": {
        "owner": "nix-systems",
        "repo": "default",
        "type": "github"
      }
    },
    "tsm": {
      "inputs": {
        "crane": "crane",
        "flake-parts": "flake-parts",
        "github-actions-nix": "github-actions-nix",
        "import-tree": "import-tree",
        "nixpkgs": [
          "nixpkgs"
        ],
        "rust-overlay": "rust-overlay"
      },
      "locked": {
        "lastModified": 1773430795,
        "narHash": "sha256-z1chPMEQI+8+39a3U5NMXTvOE339j0hozcMY6BkuHbE=",
        "owner": "snickerdoodle2",
        "repo": "tsm",
        "rev": "327ede1a52d824c73b8c1e708fe2ffa3ae11ae03",
        "type": "github"
      },
      "original": {
        "owner": "snickerdoodle2",
        "ref": "main",
        "repo": "tsm",
        "type": "github"
      }
    }
  },
  "root": "root",
  "version": 7
}
