{
  "nodes": {
    "nixpkgs": {
      "locked": {
        "lastModified": 1727129439,
        "narHash": "sha256-nPyrcFm6FSk7CxzVW4x2hu62aLDghNcv9dX6DF3dXw8=",
        "owner": "NixOS",
        "repo": "nixpkgs",
        "rev": "babc25a577c3310cce57c72d5bed70f4c3c3843a",
        "type": "github"
      },
      "original": {
        "owner": "NixOS",
        "ref": "nixos-24.05",
        "repo": "nixpkgs",
        "type": "github"
      }
    },
    "nixpkgs-unstable": {
      "locked": {
        "lastModified": 1727173215,
        "narHash": "sha256-OtMlWYCqBDbnEsByoows785Gem9CSMiXYEBiKKtStk4=",
        "owner": "NixOS",
        "repo": "nixpkgs",
        "rev": "965289e5e07243f1cde3212d8bcaf726d36c5c46",
        "type": "github"
      },
      "original": {
        "owner": "NixOS",
        "ref": "nixpkgs-unstable",
        "repo": "nixpkgs",
        "type": "github"
      }
    },
    "nixpkgs_2": {
      "locked": {
        "lastModified": 1726937504,
        "narHash": "sha256-bvGoiQBvponpZh8ClUcmJ6QnsNKw0EMrCQJARK3bI1c=",
        "owner": "nixos",
        "repo": "nixpkgs",
        "rev": "9357f4f23713673f310988025d9dc261c20e70c6",
        "type": "github"
      },
      "original": {
        "owner": "nixos",
        "ref": "nixos-unstable",
        "repo": "nixpkgs",
        "type": "github"
      }
    },
    "root": {
      "inputs": {
        "nixpkgs": "nixpkgs",
        "nixpkgs-unstable": "nixpkgs-unstable",
        "zen-browser": "zen-browser"
      }
    },
    "zen-browser": {
      "inputs": {
        "nixpkgs": "nixpkgs_2"
      },
      "locked": {
        "lastModified": 1727287465,
        "narHash": "sha256-XQAf5M593WmxgaXagtkci/H9DA3jSVx1TJk6F3X5VQo=",
        "owner": "MarceColl",
        "repo": "zen-browser-flake",
        "rev": "96f1b5d80bf7360cb77c9b521f388324f18383a0",
        "type": "github"
      },
      "original": {
        "owner": "MarceColl",
        "repo": "zen-browser-flake",
        "type": "github"
      }
    }
  },
  "root": "root",
  "version": 7
}
